
Microsoft Visual Studio Solution File, Format Version 12.00
# Visual Studio Version 17
VisualStudioVersion = 17.12.35707.178
MinimumVisualStudioVersion = 10.0.40219.1
Project("{00D1A9C2-B5F0-4AF3-8072-F6C62B433612}") = "VillustraTask.Database", "VillustraTask.Database\VillustraTask.Database.sqlproj", "{7C4E1085-A524-442C-874B-2B4A7170447C}"
EndProject
Project("{FAE04EC0-301F-11D3-BF4B-00C04F79EFBC}") = "VillustraTask.Api", "VillustraTask.Api\VillustraTask.Api.csproj", "{3C73A407-90B4-4BB3-B47B-6C6B0535750A}"
EndProject
Project("{FAE04EC0-301F-11D3-BF4B-00C04F79EFBC}") = "VillustraTask.Web", "VillustraTask.Web\VillustraTask.Web.csproj", "{AB1BB1EF-596A-4E94-BA0B-D05A6C39517C}"
EndProject
Global
	GlobalSection(SolutionConfigurationPlatforms) = preSolution
		Debug|Any CPU = Debug|Any CPU
		Release|Any CPU = Release|Any CPU
	EndGlobalSection
	GlobalSection(ProjectConfigurationPlatforms) = postSolution
		{7C4E1085-A524-442C-874B-2B4A7170447C}.Debug|Any CPU.ActiveCfg = Debug|Any CPU
		{7C4E1085-A524-442C-874B-2B4A7170447C}.Debug|Any CPU.Build.0 = Debug|Any CPU
		{7C4E1085-A524-442C-874B-2B4A7170447C}.Debug|Any CPU.Deploy.0 = Debug|Any CPU
		{7C4E1085-A524-442C-874B-2B4A7170447C}.Release|Any CPU.ActiveCfg = Release|Any CPU
		{7C4E1085-A524-442C-874B-2B4A7170447C}.Release|Any CPU.Build.0 = Release|Any CPU
		{7C4E1085-A524-442C-874B-2B4A7170447C}.Release|Any CPU.Deploy.0 = Release|Any CPU
		{3C73A407-90B4-4BB3-B47B-6C6B0535750A}.Debug|Any CPU.ActiveCfg = Debug|Any CPU
		{3C73A407-90B4-4BB3-B47B-6C6B0535750A}.Debug|Any CPU.Build.0 = Debug|Any CPU
		{3C73A407-90B4-4BB3-B47B-6C6B0535750A}.Release|Any CPU.ActiveCfg = Release|Any CPU
		{3C73A407-90B4-4BB3-B47B-6C6B0535750A}.Release|Any CPU.Build.0 = Release|Any CPU
		{AB1BB1EF-596A-4E94-BA0B-D05A6C39517C}.Debug|Any CPU.ActiveCfg = Debug|Any CPU
		{AB1BB1EF-596A-4E94-BA0B-D05A6C39517C}.Debug|Any CPU.Build.0 = Debug|Any CPU
		{AB1BB1EF-596A-4E94-BA0B-D05A6C39517C}.Release|Any CPU.ActiveCfg = Release|Any CPU
		{AB1BB1EF-596A-4E94-BA0B-D05A6C39517C}.Release|Any CPU.Build.0 = Release|Any CPU
	EndGlobalSection
	GlobalSection(SolutionProperties) = preSolution
		HideSolutionNode = FALSE
	EndGlobalSection
EndGlobal
